// !$*UTF8*$!
{
	archiveVersion = 1;
	classes = {
	};
	objectVersion = 56;
	objects = {

/* Begin PBXBuildFile section */
		686053152C33E43C00D60EA0 /* AppDelegate.swift in Sources */ = {isa = PBXBuildFile; fileRef = 686053142C33E43C00D60EA0 /* AppDelegate.swift */; };
		686053172C33E43C00D60EA0 /* SceneDelegate.swift in Sources */ = {isa = PBXBuildFile; fileRef = 686053162C33E43C00D60EA0 /* SceneDelegate.swift */; };
		686053192C33E43C00D60EA0 /* ListViewController.swift in Sources */ = {isa = PBXBuildFile; fileRef = 686053182C33E43C00D60EA0 /* ListViewController.swift */; };
		6860531E2C33E43E00D60EA0 /* Assets.xcassets in Resources */ = {isa = PBXBuildFile; fileRef = 6860531D2C33E43E00D60EA0 /* Assets.xcassets */; };
		686053212C33E43E00D60EA0 /* Base in Resources */ = {isa = PBXBuildFile; fileRef = 686053202C33E43E00D60EA0 /* Base */; };
		686053292C33E57200D60EA0 /* .gitignore in Resources */ = {isa = PBXBuildFile; fileRef = 686053282C33E57200D60EA0 /* .gitignore */; };
		6860532B2C33EBF400D60EA0 /* ListTableViewCell.swift in Sources */ = {isa = PBXBuildFile; fileRef = 6860532A2C33EBF400D60EA0 /* ListTableViewCell.swift */; };
		6860532F2C33EC8200D60EA0 /* ReusableProtocol+.swift in Sources */ = {isa = PBXBuildFile; fileRef = 6860532E2C33EC8200D60EA0 /* ReusableProtocol+.swift */; };
		686053322C33ED1000D60EA0 /* RealmSwift in Frameworks */ = {isa = PBXBuildFile; productRef = 686053312C33ED1000D60EA0 /* RealmSwift */; };
		686053352C33ED1B00D60EA0 /* SnapKit in Frameworks */ = {isa = PBXBuildFile; productRef = 686053342C33ED1B00D60EA0 /* SnapKit */; };
		686053382C33F50800D60EA0 /* RegistrationViewController.swift in Sources */ = {isa = PBXBuildFile; fileRef = 686053372C33F50800D60EA0 /* RegistrationViewController.swift */; };
		6860533A2C33FA9D00D60EA0 /* UILabel+.swift in Sources */ = {isa = PBXBuildFile; fileRef = 686053392C33FA9D00D60EA0 /* UILabel+.swift */; };
/* End PBXBuildFile section */

/* Begin PBXFileReference section */
		686053112C33E43C00D60EA0 /* YegrReminderProject.app */ = {isa = PBXFileReference; explicitFileType = wrapper.application; includeInIndex = 0; path = YegrReminderProject.app; sourceTree = BUILT_PRODUCTS_DIR; };
		686053142C33E43C00D60EA0 /* AppDelegate.swift */ = {isa = PBXFileReference; lastKnownFileType = sourcecode.swift; path = AppDelegate.swift; sourceTree = "<group>"; };
		686053162C33E43C00D60EA0 /* SceneDelegate.swift */ = {isa = PBXFileReference; lastKnownFileType = sourcecode.swift; path = SceneDelegate.swift; sourceTree = "<group>"; };
		686053182C33E43C00D60EA0 /* ListViewController.swift */ = {isa = PBXFileReference; lastKnownFileType = sourcecode.swift; path = ListViewController.swift; sourceTree = "<group>"; };
		6860531D2C33E43E00D60EA0 /* Assets.xcassets */ = {isa = PBXFileReference; lastKnownFileType = folder.assetcatalog; path = Assets.xcassets; sourceTree = "<group>"; };
		686053202C33E43E00D60EA0 /* Base */ = {isa = PBXFileReference; lastKnownFileType = file.storyboard; name = Base; path = Base.lproj/LaunchScreen.storyboard; sourceTree = "<group>"; };
		686053222C33E43E00D60EA0 /* Info.plist */ = {isa = PBXFileReference; lastKnownFileType = text.plist.xml; path = Info.plist; sourceTree = "<group>"; };
		686053282C33E57200D60EA0 /* .gitignore */ = {isa = PBXFileReference; lastKnownFileType = text; path = .gitignore; sourceTree = "<group>"; };
		6860532A2C33EBF400D60EA0 /* ListTableViewCell.swift */ = {isa = PBXFileReference; lastKnownFileType = sourcecode.swift; path = ListTableViewCell.swift; sourceTree = "<group>"; };
		6860532E2C33EC8200D60EA0 /* ReusableProtocol+.swift */ = {isa = PBXFileReference; lastKnownFileType = sourcecode.swift; path = "ReusableProtocol+.swift"; sourceTree = "<group>"; };
		686053372C33F50800D60EA0 /* RegistrationViewController.swift */ = {isa = PBXFileReference; lastKnownFileType = sourcecode.swift; path = RegistrationViewController.swift; sourceTree = "<group>"; };
		686053392C33FA9D00D60EA0 /* UILabel+.swift */ = {isa = PBXFileReference; lastKnownFileType = sourcecode.swift; path = "UILabel+.swift"; sourceTree = "<group>"; };
/* End PBXFileReference section */

/* Begin PBXFrameworksBuildPhase section */
		6860530E2C33E43C00D60EA0 /* Frameworks */ = {
			isa = PBXFrameworksBuildPhase;
			buildActionMask = 2147483647;
			files = (
				686053322C33ED1000D60EA0 /* RealmSwift in Frameworks */,
				686053352C33ED1B00D60EA0 /* SnapKit in Frameworks */,
			);
			runOnlyForDeploymentPostprocessing = 0;
		};
/* End PBXFrameworksBuildPhase section */

/* Begin PBXGroup section */
		686053082C33E43C00D60EA0 = {
			isa = PBXGroup;
			children = (
				686053282C33E57200D60EA0 /* .gitignore */,
				686053132C33E43C00D60EA0 /* YegrReminderProject */,
				686053122C33E43C00D60EA0 /* Products */,
			);
			sourceTree = "<group>";
		};
		686053122C33E43C00D60EA0 /* Products */ = {
			isa = PBXGroup;
			children = (
				686053112C33E43C00D60EA0 /* YegrReminderProject.app */,
			);
			name = Products;
			sourceTree = "<group>";
		};
		686053132C33E43C00D60EA0 /* YegrReminderProject */ = {
			isa = PBXGroup;
			children = (
				686053142C33E43C00D60EA0 /* AppDelegate.swift */,
				686053162C33E43C00D60EA0 /* SceneDelegate.swift */,
				6860531D2C33E43E00D60EA0 /* Assets.xcassets */,
				6860531F2C33E43E00D60EA0 /* LaunchScreen.storyboard */,
				6860532D2C33EC6A00D60EA0 /* Extension */,
				6860532C2C33EBF900D60EA0 /* List */,
				686053362C33F4D400D60EA0 /*  Registration */,
				686053222C33E43E00D60EA0 /* Info.plist */,
			);
			path = YegrReminderProject;
			sourceTree = "<group>";
		};
		6860532C2C33EBF900D60EA0 /* List */ = {
			isa = PBXGroup;
			children = (
				686053182C33E43C00D60EA0 /* ListViewController.swift */,
				6860532A2C33EBF400D60EA0 /* ListTableViewCell.swift */,
			);
			path = List;
			sourceTree = "<group>";
		};
		6860532D2C33EC6A00D60EA0 /* Extension */ = {
			isa = PBXGroup;
			children = (
				6860532E2C33EC8200D60EA0 /* ReusableProtocol+.swift */,
				686053392C33FA9D00D60EA0 /* UILabel+.swift */,
			);
			path = Extension;
			sourceTree = "<group>";
		};
		686053362C33F4D400D60EA0 /*  Registration */ = {
			isa = PBXGroup;
			children = (
				686053372C33F50800D60EA0 /* RegistrationViewController.swift */,
			);
			path = " Registration";
			sourceTree = "<group>";
		};
/* End PBXGroup section */

/* Begin PBXNativeTarget section */
		686053102C33E43C00D60EA0 /* YegrReminderProject */ = {
			isa = PBXNativeTarget;
			buildConfigurationList = 686053252C33E43E00D60EA0 /* Build configuration list for PBXNativeTarget "YegrReminderProject" */;
			buildPhases = (
				6860530D2C33E43C00D60EA0 /* Sources */,
				6860530E2C33E43C00D60EA0 /* Frameworks */,
				6860530F2C33E43C00D60EA0 /* Resources */,
			);
			buildRules = (
			);
			dependencies = (
			);
			name = YegrReminderProject;
			packageProductDependencies = (
				686053312C33ED1000D60EA0 /* RealmSwift */,
				686053342C33ED1B00D60EA0 /* SnapKit */,
			);
			productName = YegrReminderProject;
			productReference = 686053112C33E43C00D60EA0 /* YegrReminderProject.app */;
			productType = "com.apple.product-type.application";
		};
/* End PBXNativeTarget section */

/* Begin PBXProject section */
		686053092C33E43C00D60EA0 /* Project object */ = {
			isa = PBXProject;
			attributes = {
				BuildIndependentTargetsInParallel = 1;
				LastSwiftUpdateCheck = 1540;
				LastUpgradeCheck = 1540;
				TargetAttributes = {
					686053102C33E43C00D60EA0 = {
						CreatedOnToolsVersion = 15.4;
					};
				};
			};
			buildConfigurationList = 6860530C2C33E43C00D60EA0 /* Build configuration list for PBXProject "YegrReminderProject" */;
			compatibilityVersion = "Xcode 14.0";
			developmentRegion = en;
			hasScannedForEncodings = 0;
			knownRegions = (
				en,
				Base,
			);
			mainGroup = 686053082C33E43C00D60EA0;
			packageReferences = (
				686053302C33ED1000D60EA0 /* XCRemoteSwiftPackageReference "realm-swift" */,
				686053332C33ED1B00D60EA0 /* XCRemoteSwiftPackageReference "SnapKit" */,
			);
			productRefGroup = 686053122C33E43C00D60EA0 /* Products */;
			projectDirPath = "";
			projectRoot = "";
			targets = (
				686053102C33E43C00D60EA0 /* YegrReminderProject */,
			);
		};
/* End PBXProject section */

/* Begin PBXResourcesBuildPhase section */
		6860530F2C33E43C00D60EA0 /* Resources */ = {
			isa = PBXResourcesBuildPhase;
			buildActionMask = 2147483647;
			files = (
				686053292C33E57200D60EA0 /* .gitignore in Resources */,
				6860531E2C33E43E00D60EA0 /* Assets.xcassets in Resources */,
				686053212C33E43E00D60EA0 /* Base in Resources */,
			);
			runOnlyForDeploymentPostprocessing = 0;
		};
/* End PBXResourcesBuildPhase section */

/* Begin PBXSourcesBuildPhase section */
		6860530D2C33E43C00D60EA0 /* Sources */ = {
			isa = PBXSourcesBuildPhase;
			buildActionMask = 2147483647;
			files = (
				686053382C33F50800D60EA0 /* RegistrationViewController.swift in Sources */,
				686053192C33E43C00D60EA0 /* ListViewController.swift in Sources */,
				6860532B2C33EBF400D60EA0 /* ListTableViewCell.swift in Sources */,
				6860532F2C33EC8200D60EA0 /* ReusableProtocol+.swift in Sources */,
				6860533A2C33FA9D00D60EA0 /* UILabel+.swift in Sources */,
				686053152C33E43C00D60EA0 /* AppDelegate.swift in Sources */,
				686053172C33E43C00D60EA0 /* SceneDelegate.swift in Sources */,
			);
			runOnlyForDeploymentPostprocessing = 0;
		};
/* End PBXSourcesBuildPhase section */

/* Begin PBXVariantGroup section */
		6860531F2C33E43E00D60EA0 /* LaunchScreen.storyboard */ = {
			isa = PBXVariantGroup;
			children = (
				686053202C33E43E00D60EA0 /* Base */,
			);
			name = LaunchScreen.storyboard;
			sourceTree = "<group>";
		};
/* End PBXVariantGroup section */

/* Begin XCBuildConfiguration section */
		686053232C33E43E00D60EA0 /* Debug */ = {
			isa = XCBuildConfiguration;
			buildSettings = {
				ALWAYS_SEARCH_USER_PATHS = NO;
				ASSETCATALOG_COMPILER_GENERATE_SWIFT_ASSET_SYMBOL_EXTENSIONS = YES;
				CLANG_ANALYZER_NONNULL = YES;
				CLANG_ANALYZER_NUMBER_OBJECT_CONVERSION = YES_AGGRESSIVE;
				CLANG_CXX_LANGUAGE_STANDARD = "gnu++20";
				CLANG_ENABLE_MODULES = YES;
				CLANG_ENABLE_OBJC_ARC = YES;
				CLANG_ENABLE_OBJC_WEAK = YES;
				CLANG_WARN_BLOCK_CAPTURE_AUTORELEASING = YES;
				CLANG_WARN_BOOL_CONVERSION = YES;
				CLANG_WARN_COMMA = YES;
				CLANG_WARN_CONSTANT_CONVERSION = YES;
				CLANG_WARN_DEPRECATED_OBJC_IMPLEMENTATIONS = YES;
				CLANG_WARN_DIRECT_OBJC_ISA_USAGE = YES_ERROR;
				CLANG_WARN_DOCUMENTATION_COMMENTS = YES;
				CLANG_WARN_EMPTY_BODY = YES;
				CLANG_WARN_ENUM_CONVERSION = YES;
				CLANG_WARN_INFINITE_RECURSION = YES;
				CLANG_WARN_INT_CONVERSION = YES;
				CLANG_WARN_NON_LITERAL_NULL_CONVERSION = YES;
				CLANG_WARN_OBJC_IMPLICIT_RETAIN_SELF = YES;
				CLANG_WARN_OBJC_LITERAL_CONVERSION = YES;
				CLANG_WARN_OBJC_ROOT_CLASS = YES_ERROR;
				CLANG_WARN_QUOTED_INCLUDE_IN_FRAMEWORK_HEADER = YES;
				CLANG_WARN_RANGE_LOOP_ANALYSIS = YES;
				CLANG_WARN_STRICT_PROTOTYPES = YES;
				CLANG_WARN_SUSPICIOUS_MOVE = YES;
				CLANG_WARN_UNGUARDED_AVAILABILITY = YES_AGGRESSIVE;
				CLANG_WARN_UNREACHABLE_CODE = YES;
				CLANG_WARN__DUPLICATE_METHOD_MATCH = YES;
				COPY_PHASE_STRIP = NO;
				DEBUG_INFORMATION_FORMAT = dwarf;
				ENABLE_STRICT_OBJC_MSGSEND = YES;
				ENABLE_TESTABILITY = YES;
				ENABLE_USER_SCRIPT_SANDBOXING = YES;
				GCC_C_LANGUAGE_STANDARD = gnu17;
				GCC_DYNAMIC_NO_PIC = NO;
				GCC_NO_COMMON_BLOCKS = YES;
				GCC_OPTIMIZATION_LEVEL = 0;
				GCC_PREPROCESSOR_DEFINITIONS = (
					"DEBUG=1",
					"$(inherited)",
				);
				GCC_WARN_64_TO_32_BIT_CONVERSION = YES;
				GCC_WARN_ABOUT_RETURN_TYPE = YES_ERROR;
				GCC_WARN_UNDECLARED_SELECTOR = YES;
				GCC_WARN_UNINITIALIZED_AUTOS = YES_AGGRESSIVE;
				GCC_WARN_UNUSED_FUNCTION = YES;
				GCC_WARN_UNUSED_VARIABLE = YES;
				IPHONEOS_DEPLOYMENT_TARGET = 17.5;
				LOCALIZATION_PREFERS_STRING_CATALOGS = YES;
				MTL_ENABLE_DEBUG_INFO = INCLUDE_SOURCE;
				MTL_FAST_MATH = YES;
				ONLY_ACTIVE_ARCH = YES;
				SDKROOT = iphoneos;
				SWIFT_ACTIVE_COMPILATION_CONDITIONS = "DEBUG $(inherited)";
				SWIFT_OPTIMIZATION_LEVEL = "-Onone";
			};
			name = Debug;
		};
		686053242C33E43E00D60EA0 /* Release */ = {
			isa = XCBuildConfiguration;
			buildSettings = {
				ALWAYS_SEARCH_USER_PATHS = NO;
				ASSETCATALOG_COMPILER_GENERATE_SWIFT_ASSET_SYMBOL_EXTENSIONS = YES;
				CLANG_ANALYZER_NONNULL = YES;
				CLANG_ANALYZER_NUMBER_OBJECT_CONVERSION = YES_AGGRESSIVE;
				CLANG_CXX_LANGUAGE_STANDARD = "gnu++20";
				CLANG_ENABLE_MODULES = YES;
				CLANG_ENABLE_OBJC_ARC = YES;
				CLANG_ENABLE_OBJC_WEAK = YES;
				CLANG_WARN_BLOCK_CAPTURE_AUTORELEASING = YES;
				CLANG_WARN_BOOL_CONVERSION = YES;
				CLANG_WARN_COMMA = YES;
				CLANG_WARN_CONSTANT_CONVERSION = YES;
				CLANG_WARN_DEPRECATED_OBJC_IMPLEMENTATIONS = YES;
				CLANG_WARN_DIRECT_OBJC_ISA_USAGE = YES_ERROR;
				CLANG_WARN_DOCUMENTATION_COMMENTS = YES;
				CLANG_WARN_EMPTY_BODY = YES;
				CLANG_WARN_ENUM_CONVERSION = YES;
				CLANG_WARN_INFINITE_RECURSION = YES;
				CLANG_WARN_INT_CONVERSION = YES;
				CLANG_WARN_NON_LITERAL_NULL_CONVERSION = YES;
				CLANG_WARN_OBJC_IMPLICIT_RETAIN_SELF = YES;
				CLANG_WARN_OBJC_LITERAL_CONVERSION = YES;
				CLANG_WARN_OBJC_ROOT_CLASS = YES_ERROR;
				CLANG_WARN_QUOTED_INCLUDE_IN_FRAMEWORK_HEADER = YES;
				CLANG_WARN_RANGE_LOOP_ANALYSIS = YES;
				CLANG_WARN_STRICT_PROTOTYPES = YES;
				CLANG_WARN_SUSPICIOUS_MOVE = YES;
				CLANG_WARN_UNGUARDED_AVAILABILITY = YES_AGGRESSIVE;
				CLANG_WARN_UNREACHABLE_CODE = YES;
				CLANG_WARN__DUPLICATE_METHOD_MATCH = YES;
				COPY_PHASE_STRIP = NO;
				DEBUG_INFORMATION_FORMAT = "dwarf-with-dsym";
				ENABLE_NS_ASSERTIONS = NO;
				ENABLE_STRICT_OBJC_MSGSEND = YES;
				ENABLE_USER_SCRIPT_SANDBOXING = YES;
				GCC_C_LANGUAGE_STANDARD = gnu17;
				GCC_NO_COMMON_BLOCKS = YES;
				GCC_WARN_64_TO_32_BIT_CONVERSION = YES;
				GCC_WARN_ABOUT_RETURN_TYPE = YES_ERROR;
				GCC_WARN_UNDECLARED_SELECTOR = YES;
				GCC_WARN_UNINITIALIZED_AUTOS = YES_AGGRESSIVE;
				GCC_WARN_UNUSED_FUNCTION = YES;
				GCC_WARN_UNUSED_VARIABLE = YES;
				IPHONEOS_DEPLOYMENT_TARGET = 17.5;
				LOCALIZATION_PREFERS_STRING_CATALOGS = YES;
				MTL_ENABLE_DEBUG_INFO = NO;
				MTL_FAST_MATH = YES;
				SDKROOT = iphoneos;
				SWIFT_COMPILATION_MODE = wholemodule;
				VALIDATE_PRODUCT = YES;
			};
			name = Release;
		};
		686053262C33E43E00D60EA0 /* Debug */ = {
			isa = XCBuildConfiguration;
			buildSettings = {
				ASSETCATALOG_COMPILER_APPICON_NAME = AppIcon;
				ASSETCATALOG_COMPILER_GLOBAL_ACCENT_COLOR_NAME = AccentColor;
				CODE_SIGN_STYLE = Automatic;
				CURRENT_PROJECT_VERSION = 1;
				GENERATE_INFOPLIST_FILE = YES;
				INFOPLIST_FILE = YegrReminderProject/Info.plist;
				INFOPLIST_KEY_UIApplicationSupportsIndirectInputEvents = YES;
				INFOPLIST_KEY_UILaunchStoryboardName = LaunchScreen;
				INFOPLIST_KEY_UISupportedInterfaceOrientations = UIInterfaceOrientationPortrait;
				INFOPLIST_KEY_UISupportedInterfaceOrientations_iPad = UIInterfaceOrientationPortrait;
				IPHONEOS_DEPLOYMENT_TARGET = 16.0;
				LD_RUNPATH_SEARCH_PATHS = (
					"$(inherited)",
					"@executable_path/Frameworks",
				);
				MARKETING_VERSION = 1.0;
				PRODUCT_BUNDLE_IDENTIFIER = YJ.YegrReminderProject;
				PRODUCT_NAME = "$(TARGET_NAME)";
				SUPPORTED_PLATFORMS = "iphoneos iphonesimulator";
				SUPPORTS_MACCATALYST = NO;
				SUPPORTS_MAC_DESIGNED_FOR_IPHONE_IPAD = NO;
				SUPPORTS_XR_DESIGNED_FOR_IPHONE_IPAD = NO;
				SWIFT_EMIT_LOC_STRINGS = YES;
				SWIFT_VERSION = 5.0;
				TARGETED_DEVICE_FAMILY = 1;
			};
			name = Debug;
		};
		686053272C33E43E00D60EA0 /* Release */ = {
			isa = XCBuildConfiguration;
			buildSettings = {
				ASSETCATALOG_COMPILER_APPICON_NAME = AppIcon;
				ASSETCATALOG_COMPILER_GLOBAL_ACCENT_COLOR_NAME = AccentColor;
				CODE_SIGN_STYLE = Automatic;
				CURRENT_PROJECT_VERSION = 1;
				GENERATE_INFOPLIST_FILE = YES;
				INFOPLIST_FILE = YegrReminderProject/Info.plist;
				INFOPLIST_KEY_UIApplicationSupportsIndirectInputEvents = YES;
				INFOPLIST_KEY_UILaunchStoryboardName = LaunchScreen;
				INFOPLIST_KEY_UISupportedInterfaceOrientations = UIInterfaceOrientationPortrait;
				INFOPLIST_KEY_UISupportedInterfaceOrientations_iPad = UIInterfaceOrientationPortrait;
				IPHONEOS_DEPLOYMENT_TARGET = 16.0;
				LD_RUNPATH_SEARCH_PATHS = (
					"$(inherited)",
					"@executable_path/Frameworks",
				);
				MARKETING_VERSION = 1.0;
				PRODUCT_BUNDLE_IDENTIFIER = YJ.YegrReminderProject;
				PRODUCT_NAME = "$(TARGET_NAME)";
				SUPPORTED_PLATFORMS = "iphoneos iphonesimulator";
				SUPPORTS_MACCATALYST = NO;
				SUPPORTS_MAC_DESIGNED_FOR_IPHONE_IPAD = NO;
				SUPPORTS_XR_DESIGNED_FOR_IPHONE_IPAD = NO;
				SWIFT_EMIT_LOC_STRINGS = YES;
				SWIFT_VERSION = 5.0;
				TARGETED_DEVICE_FAMILY = 1;
			};
			name = Release;
		};
/* End XCBuildConfiguration section */

/* Begin XCConfigurationList section */
		6860530C2C33E43C00D60EA0 /* Build configuration list for PBXProject "YegrReminderProject" */ = {
			isa = XCConfigurationList;
			buildConfigurations = (
				686053232C33E43E00D60EA0 /* Debug */,
				686053242C33E43E00D60EA0 /* Release */,
			);
			defaultConfigurationIsVisible = 0;
			defaultConfigurationName = Release;
		};
		686053252C33E43E00D60EA0 /* Build configuration list for PBXNativeTarget "YegrReminderProject" */ = {
			isa = XCConfigurationList;
			buildConfigurations = (
				686053262C33E43E00D60EA0 /* Debug */,
				686053272C33E43E00D60EA0 /* Release */,
			);
			defaultConfigurationIsVisible = 0;
			defaultConfigurationName = Release;
		};
/* End XCConfigurationList section */

/* Begin XCRemoteSwiftPackageReference section */
		686053302C33ED1000D60EA0 /* XCRemoteSwiftPackageReference "realm-swift" */ = {
			isa = XCRemoteSwiftPackageReference;
			repositoryURL = "https://github.com/realm/realm-swift.git";
			requirement = {
				kind = exactVersion;
				version = 10.52.1;
			};
		};
		686053332C33ED1B00D60EA0 /* XCRemoteSwiftPackageReference "SnapKit" */ = {
			isa = XCRemoteSwiftPackageReference;
			repositoryURL = "https://github.com/SnapKit/SnapKit.git";
			requirement = {
				kind = upToNextMajorVersion;
				minimumVersion = 5.7.1;
			};
		};
/* End XCRemoteSwiftPackageReference section */

/* Begin XCSwiftPackageProductDependency section */
		686053312C33ED1000D60EA0 /* RealmSwift */ = {
			isa = XCSwiftPackageProductDependency;
			package = 686053302C33ED1000D60EA0 /* XCRemoteSwiftPackageReference "realm-swift" */;
			productName = RealmSwift;
		};
		686053342C33ED1B00D60EA0 /* SnapKit */ = {
			isa = XCSwiftPackageProductDependency;
			package = 686053332C33ED1B00D60EA0 /* XCRemoteSwiftPackageReference "SnapKit" */;
			productName = SnapKit;
		};
/* End XCSwiftPackageProductDependency section */
	};
	rootObject = 686053092C33E43C00D60EA0 /* Project object */;
}
